// !$*UTF8*$!
{
	archiveVersion = 1;
	classes = {
	};
	objectVersion = 55;
	objects = {

/* Begin PBXBuildFile section */
		BC49387E2814141900F73CE8 /* CharactersTableViewCell.swift in Sources */ = {isa = PBXBuildFile; fileRef = BC49387D2814141900F73CE8 /* CharactersTableViewCell.swift */; };
		BC4938812814287E00F73CE8 /* CharacterPersonalInfoViewController.swift in Sources */ = {isa = PBXBuildFile; fileRef = BC4938802814287E00F73CE8 /* CharacterPersonalInfoViewController.swift */; };
		BC9934872816ED1B00183539 /* ImageCache.swift in Sources */ = {isa = PBXBuildFile; fileRef = BC9934862816ED1B00183539 /* ImageCache.swift */; };
		BCB8AD002813EF16002117AB /* AppDelegate.swift in Sources */ = {isa = PBXBuildFile; fileRef = BCB8ACFF2813EF16002117AB /* AppDelegate.swift */; };
		BCB8AD022813EF16002117AB /* SceneDelegate.swift in Sources */ = {isa = PBXBuildFile; fileRef = BCB8AD012813EF16002117AB /* SceneDelegate.swift */; };
		BCB8AD072813EF16002117AB /* Main.storyboard in Resources */ = {isa = PBXBuildFile; fileRef = BCB8AD052813EF16002117AB /* Main.storyboard */; };
		BCB8AD092813EF17002117AB /* Assets.xcassets in Resources */ = {isa = PBXBuildFile; fileRef = BCB8AD082813EF17002117AB /* Assets.xcassets */; };
		BCB8AD0C2813EF17002117AB /* LaunchScreen.storyboard in Resources */ = {isa = PBXBuildFile; fileRef = BCB8AD0A2813EF17002117AB /* LaunchScreen.storyboard */; };
		BCB8AD182813F69D002117AB /* NetworkManager.swift in Sources */ = {isa = PBXBuildFile; fileRef = BCB8AD172813F69D002117AB /* NetworkManager.swift */; };
		BCB8AD1B2813F9E1002117AB /* RickAndMorty.swift in Sources */ = {isa = PBXBuildFile; fileRef = BCB8AD1A2813F9E1002117AB /* RickAndMorty.swift */; };
		BCB8AD1E2814085F002117AB /* CharactersTableViewController.swift in Sources */ = {isa = PBXBuildFile; fileRef = BCB8AD1D2814085F002117AB /* CharactersTableViewController.swift */; };
/* End PBXBuildFile section */

/* Begin PBXFileReference section */
		BC49387D2814141900F73CE8 /* CharactersTableViewCell.swift */ = {isa = PBXFileReference; lastKnownFileType = sourcecode.swift; path = CharactersTableViewCell.swift; sourceTree = "<group>"; };
		BC4938802814287E00F73CE8 /* CharacterPersonalInfoViewController.swift */ = {isa = PBXFileReference; lastKnownFileType = sourcecode.swift; path = CharacterPersonalInfoViewController.swift; sourceTree = "<group>"; };
		BC9934862816ED1B00183539 /* ImageCache.swift */ = {isa = PBXFileReference; lastKnownFileType = sourcecode.swift; path = ImageCache.swift; sourceTree = "<group>"; };
		BCB8ACFC2813EF16002117AB /* RickAndMortyAPI.app */ = {isa = PBXFileReference; explicitFileType = wrapper.application; includeInIndex = 0; path = RickAndMortyAPI.app; sourceTree = BUILT_PRODUCTS_DIR; };
		BCB8ACFF2813EF16002117AB /* AppDelegate.swift */ = {isa = PBXFileReference; lastKnownFileType = sourcecode.swift; path = AppDelegate.swift; sourceTree = "<group>"; };
		BCB8AD012813EF16002117AB /* SceneDelegate.swift */ = {isa = PBXFileReference; lastKnownFileType = sourcecode.swift; path = SceneDelegate.swift; sourceTree = "<group>"; };
		BCB8AD062813EF16002117AB /* Base */ = {isa = PBXFileReference; lastKnownFileType = file.storyboard; name = Base; path = Base.lproj/Main.storyboard; sourceTree = "<group>"; };
		BCB8AD082813EF17002117AB /* Assets.xcassets */ = {isa = PBXFileReference; lastKnownFileType = folder.assetcatalog; path = Assets.xcassets; sourceTree = "<group>"; };
		BCB8AD0B2813EF17002117AB /* Base */ = {isa = PBXFileReference; lastKnownFileType = file.storyboard; name = Base; path = Base.lproj/LaunchScreen.storyboard; sourceTree = "<group>"; };
		BCB8AD0D2813EF17002117AB /* Info.plist */ = {isa = PBXFileReference; lastKnownFileType = text.plist.xml; path = Info.plist; sourceTree = "<group>"; };
		BCB8AD172813F69D002117AB /* NetworkManager.swift */ = {isa = PBXFileReference; lastKnownFileType = sourcecode.swift; path = NetworkManager.swift; sourceTree = "<group>"; };
		BCB8AD1A2813F9E1002117AB /* RickAndMorty.swift */ = {isa = PBXFileReference; lastKnownFileType = sourcecode.swift; path = RickAndMorty.swift; sourceTree = "<group>"; };
		BCB8AD1D2814085F002117AB /* CharactersTableViewController.swift */ = {isa = PBXFileReference; lastKnownFileType = sourcecode.swift; path = CharactersTableViewController.swift; sourceTree = "<group>"; };
/* End PBXFileReference section */

/* Begin PBXFrameworksBuildPhase section */
		BCB8ACF92813EF16002117AB /* Frameworks */ = {
			isa = PBXFrameworksBuildPhase;
			buildActionMask = 2147483647;
			files = (
			);
			runOnlyForDeploymentPostprocessing = 0;
		};
/* End PBXFrameworksBuildPhase section */

/* Begin PBXGroup section */
		BC49387F2814141D00F73CE8 /* Views */ = {
			isa = PBXGroup;
			children = (
				BC49387D2814141900F73CE8 /* CharactersTableViewCell.swift */,
			);
			path = Views;
			sourceTree = "<group>";
		};
		BCB8ACF32813EF16002117AB = {
			isa = PBXGroup;
			children = (
				BCB8ACFE2813EF16002117AB /* RickAndMortyAPI */,
				BCB8ACFD2813EF16002117AB /* Products */,
			);
			sourceTree = "<group>";
		};
		BCB8ACFD2813EF16002117AB /* Products */ = {
			isa = PBXGroup;
			children = (
				BCB8ACFC2813EF16002117AB /* RickAndMortyAPI.app */,
			);
			name = Products;
			sourceTree = "<group>";
		};
		BCB8ACFE2813EF16002117AB /* RickAndMortyAPI */ = {
			isa = PBXGroup;
			children = (
				BCB8AD162813F29B002117AB /* ViewControllers */,
				BC49387F2814141D00F73CE8 /* Views */,
				BCB8AD1C2813F9E4002117AB /* Models */,
				BCB8AD192813F6A5002117AB /* Services */,
				BCB8AD132813F1A8002117AB /* Storyboards */,
				BCB8AD152813F27B002117AB /* SupportingFiles */,
				BCB8AD142813F1CF002117AB /* Resources */,
			);
			path = RickAndMortyAPI;
			sourceTree = "<group>";
		};
		BCB8AD132813F1A8002117AB /* Storyboards */ = {
			isa = PBXGroup;
			children = (
				BCB8AD052813EF16002117AB /* Main.storyboard */,
				BCB8AD0A2813EF17002117AB /* LaunchScreen.storyboard */,
			);
			path = Storyboards;
			sourceTree = "<group>";
		};
		BCB8AD142813F1CF002117AB /* Resources */ = {
			isa = PBXGroup;
			children = (
				BCB8AD082813EF17002117AB /* Assets.xcassets */,
			);
			path = Resources;
			sourceTree = "<group>";
		};
		BCB8AD152813F27B002117AB /* SupportingFiles */ = {
			isa = PBXGroup;
			children = (
				BCB8ACFF2813EF16002117AB /* AppDelegate.swift */,
				BCB8AD012813EF16002117AB /* SceneDelegate.swift */,
				BCB8AD0D2813EF17002117AB /* Info.plist */,
			);
			name = SupportingFiles;
			sourceTree = "<group>";
		};
		BCB8AD162813F29B002117AB /* ViewControllers */ = {
			isa = PBXGroup;
			children = (
				BCB8AD1D2814085F002117AB /* CharactersTableViewController.swift */,
				BC4938802814287E00F73CE8 /* CharacterPersonalInfoViewController.swift */,
			);
			path = ViewControllers;
			sourceTree = "<group>";
		};
		BCB8AD192813F6A5002117AB /* Services */ = {
			isa = PBXGroup;
			children = (
				BCB8AD172813F69D002117AB /* NetworkManager.swift */,
				BC9934862816ED1B00183539 /* ImageCache.swift */,
			);
			path = Services;
			sourceTree = "<group>";
		};
		BCB8AD1C2813F9E4002117AB /* Models */ = {
			isa = PBXGroup;
			children = (
				BCB8AD1A2813F9E1002117AB /* RickAndMorty.swift */,
			);
			path = Models;
			sourceTree = "<group>";
		};
/* End PBXGroup section */

/* Begin PBXNativeTarget section */
		BCB8ACFB2813EF16002117AB /* RickAndMortyAPI */ = {
			isa = PBXNativeTarget;
			buildConfigurationList = BCB8AD102813EF17002117AB /* Build configuration list for PBXNativeTarget "RickAndMortyAPI" */;
			buildPhases = (
				BCB8ACF82813EF16002117AB /* Sources */,
				BCB8ACF92813EF16002117AB /* Frameworks */,
				BCB8ACFA2813EF16002117AB /* Resources */,
			);
			buildRules = (
			);
			dependencies = (
			);
			name = RickAndMortyAPI;
			productName = RickAndMortyAPI;
			productReference = BCB8ACFC2813EF16002117AB /* RickAndMortyAPI.app */;
			productType = "com.apple.product-type.application";
		};
/* End PBXNativeTarget section */

/* Begin PBXProject section */
		BCB8ACF42813EF16002117AB /* Project object */ = {
			isa = PBXProject;
			attributes = {
				BuildIndependentTargetsInParallel = 1;
				LastSwiftUpdateCheck = 1330;
				LastUpgradeCheck = 1330;
				TargetAttributes = {
					BCB8ACFB2813EF16002117AB = {
						CreatedOnToolsVersion = 13.3.1;
					};
				};
			};
			buildConfigurationList = BCB8ACF72813EF16002117AB /* Build configuration list for PBXProject "RickAndMortyAPI" */;
			compatibilityVersion = "Xcode 13.0";
			developmentRegion = en;
			hasScannedForEncodings = 0;
			knownRegions = (
				en,
				Base,
			);
			mainGroup = BCB8ACF32813EF16002117AB;
			productRefGroup = BCB8ACFD2813EF16002117AB /* Products */;
			projectDirPath = "";
			projectRoot = "";
			targets = (
				BCB8ACFB2813EF16002117AB /* RickAndMortyAPI */,
			);
		};
/* End PBXProject section */

/* Begin PBXResourcesBuildPhase section */
		BCB8ACFA2813EF16002117AB /* Resources */ = {
			isa = PBXResourcesBuildPhase;
			buildActionMask = 2147483647;
			files = (
				BCB8AD0C2813EF17002117AB /* LaunchScreen.storyboard in Resources */,
				BCB8AD092813EF17002117AB /* Assets.xcassets in Resources */,
				BCB8AD072813EF16002117AB /* Main.storyboard in Resources */,
			);
			runOnlyForDeploymentPostprocessing = 0;
		};
/* End PBXResourcesBuildPhase section */

/* Begin PBXSourcesBuildPhase section */
		BCB8ACF82813EF16002117AB /* Sources */ = {
			isa = PBXSourcesBuildPhase;
			buildActionMask = 2147483647;
			files = (
				BC49387E2814141900F73CE8 /* CharactersTableViewCell.swift in Sources */,
				BCB8AD182813F69D002117AB /* NetworkManager.swift in Sources */,
				BC9934872816ED1B00183539 /* ImageCache.swift in Sources */,
				BC4938812814287E00F73CE8 /* CharacterPersonalInfoViewController.swift in Sources */,
				BCB8AD1E2814085F002117AB /* CharactersTableViewController.swift in Sources */,
				BCB8AD002813EF16002117AB /* AppDelegate.swift in Sources */,
				BCB8AD022813EF16002117AB /* SceneDelegate.swift in Sources */,
				BCB8AD1B2813F9E1002117AB /* RickAndMorty.swift in Sources */,
			);
			runOnlyForDeploymentPostprocessing = 0;
		};
/* End PBXSourcesBuildPhase section */

/* Begin PBXVariantGroup section */
		BCB8AD052813EF16002117AB /* Main.storyboard */ = {
			isa = PBXVariantGroup;
			children = (
				BCB8AD062813EF16002117AB /* Base */,
			);
			name = Main.storyboard;
			sourceTree = "<group>";
		};
		BCB8AD0A2813EF17002117AB /* LaunchScreen.storyboard */ = {
			isa = PBXVariantGroup;
			children = (
				BCB8AD0B2813EF17002117AB /* Base */,
			);
			name = LaunchScreen.storyboard;
			sourceTree = "<group>";
		};
/* End PBXVariantGroup section */

/* Begin XCBuildConfiguration section */
		BCB8AD0E2813EF17002117AB /* Debug */ = {
			isa = XCBuildConfiguration;
			buildSettings = {
				ALWAYS_SEARCH_USER_PATHS = NO;
				CLANG_ANALYZER_NONNULL = YES;
				CLANG_ANALYZER_NUMBER_OBJECT_CONVERSION = YES_AGGRESSIVE;
				CLANG_CXX_LANGUAGE_STANDARD = "gnu++17";
				CLANG_ENABLE_MODULES = YES;
				CLANG_ENABLE_OBJC_ARC = YES;
				CLANG_ENABLE_OBJC_WEAK = YES;
				CLANG_WARN_BLOCK_CAPTURE_AUTORELEASING = YES;
				CLANG_WARN_BOOL_CONVERSION = YES;
				CLANG_WARN_COMMA = YES;
				CLANG_WARN_CONSTANT_CONVERSION = YES;
				CLANG_WARN_DEPRECATED_OBJC_IMPLEMENTATIONS = YES;
				CLANG_WARN_DIRECT_OBJC_ISA_USAGE = YES_ERROR;
				CLANG_WARN_DOCUMENTATION_COMMENTS = YES;
				CLANG_WARN_EMPTY_BODY = YES;
				CLANG_WARN_ENUM_CONVERSION = YES;
				CLANG_WARN_INFINITE_RECURSION = YES;
				CLANG_WARN_INT_CONVERSION = YES;
				CLANG_WARN_NON_LITERAL_NULL_CONVERSION = YES;
				CLANG_WARN_OBJC_IMPLICIT_RETAIN_SELF = YES;
				CLANG_WARN_OBJC_LITERAL_CONVERSION = YES;
				CLANG_WARN_OBJC_ROOT_CLASS = YES_ERROR;
				CLANG_WARN_QUOTED_INCLUDE_IN_FRAMEWORK_HEADER = YES;
				CLANG_WARN_RANGE_LOOP_ANALYSIS = YES;
				CLANG_WARN_STRICT_PROTOTYPES = YES;
				CLANG_WARN_SUSPICIOUS_MOVE = YES;
				CLANG_WARN_UNGUARDED_AVAILABILITY = YES_AGGRESSIVE;
				CLANG_WARN_UNREACHABLE_CODE = YES;
				CLANG_WARN__DUPLICATE_METHOD_MATCH = YES;
				COPY_PHASE_STRIP = NO;
				DEBUG_INFORMATION_FORMAT = dwarf;
				ENABLE_STRICT_OBJC_MSGSEND = YES;
				ENABLE_TESTABILITY = YES;
				GCC_C_LANGUAGE_STANDARD = gnu11;
				GCC_DYNAMIC_NO_PIC = NO;
				GCC_NO_COMMON_BLOCKS = YES;
				GCC_OPTIMIZATION_LEVEL = 0;
				GCC_PREPROCESSOR_DEFINITIONS = (
					"DEBUG=1",
					"$(inherited)",
				);
				GCC_WARN_64_TO_32_BIT_CONVERSION = YES;
				GCC_WARN_ABOUT_RETURN_TYPE = YES_ERROR;
				GCC_WARN_UNDECLARED_SELECTOR = YES;
				GCC_WARN_UNINITIALIZED_AUTOS = YES_AGGRESSIVE;
				GCC_WARN_UNUSED_FUNCTION = YES;
				GCC_WARN_UNUSED_VARIABLE = YES;
				IPHONEOS_DEPLOYMENT_TARGET = 15.4;
				MTL_ENABLE_DEBUG_INFO = INCLUDE_SOURCE;
				MTL_FAST_MATH = YES;
				ONLY_ACTIVE_ARCH = YES;
				SDKROOT = iphoneos;
				SWIFT_ACTIVE_COMPILATION_CONDITIONS = DEBUG;
				SWIFT_OPTIMIZATION_LEVEL = "-Onone";
			};
			name = Debug;
		};
		BCB8AD0F2813EF17002117AB /* Release */ = {
			isa = XCBuildConfiguration;
			buildSettings = {
				ALWAYS_SEARCH_USER_PATHS = NO;
				CLANG_ANALYZER_NONNULL = YES;
				CLANG_ANALYZER_NUMBER_OBJECT_CONVERSION = YES_AGGRESSIVE;
				CLANG_CXX_LANGUAGE_STANDARD = "gnu++17";
				CLANG_ENABLE_MODULES = YES;
				CLANG_ENABLE_OBJC_ARC = YES;
				CLANG_ENABLE_OBJC_WEAK = YES;
				CLANG_WARN_BLOCK_CAPTURE_AUTORELEASING = YES;
				CLANG_WARN_BOOL_CONVERSION = YES;
				CLANG_WARN_COMMA = YES;
				CLANG_WARN_CONSTANT_CONVERSION = YES;
				CLANG_WARN_DEPRECATED_OBJC_IMPLEMENTATIONS = YES;
				CLANG_WARN_DIRECT_OBJC_ISA_USAGE = YES_ERROR;
				CLANG_WARN_DOCUMENTATION_COMMENTS = YES;
				CLANG_WARN_EMPTY_BODY = YES;
				CLANG_WARN_ENUM_CONVERSION = YES;
				CLANG_WARN_INFINITE_RECURSION = YES;
				CLANG_WARN_INT_CONVERSION = YES;
				CLANG_WARN_NON_LITERAL_NULL_CONVERSION = YES;
				CLANG_WARN_OBJC_IMPLICIT_RETAIN_SELF = YES;
				CLANG_WARN_OBJC_LITERAL_CONVERSION = YES;
				CLANG_WARN_OBJC_ROOT_CLASS = YES_ERROR;
				CLANG_WARN_QUOTED_INCLUDE_IN_FRAMEWORK_HEADER = YES;
				CLANG_WARN_RANGE_LOOP_ANALYSIS = YES;
				CLANG_WARN_STRICT_PROTOTYPES = YES;
				CLANG_WARN_SUSPICIOUS_MOVE = YES;
				CLANG_WARN_UNGUARDED_AVAILABILITY = YES_AGGRESSIVE;
				CLANG_WARN_UNREACHABLE_CODE = YES;
				CLANG_WARN__DUPLICATE_METHOD_MATCH = YES;
				COPY_PHASE_STRIP = NO;
				DEBUG_INFORMATION_FORMAT = "dwarf-with-dsym";
				ENABLE_NS_ASSERTIONS = NO;
				ENABLE_STRICT_OBJC_MSGSEND = YES;
				GCC_C_LANGUAGE_STANDARD = gnu11;
				GCC_NO_COMMON_BLOCKS = YES;
				GCC_WARN_64_TO_32_BIT_CONVERSION = YES;
				GCC_WARN_ABOUT_RETURN_TYPE = YES_ERROR;
				GCC_WARN_UNDECLARED_SELECTOR = YES;
				GCC_WARN_UNINITIALIZED_AUTOS = YES_AGGRESSIVE;
				GCC_WARN_UNUSED_FUNCTION = YES;
				GCC_WARN_UNUSED_VARIABLE = YES;
				IPHONEOS_DEPLOYMENT_TARGET = 15.4;
				MTL_ENABLE_DEBUG_INFO = NO;
				MTL_FAST_MATH = YES;
				SDKROOT = iphoneos;
				SWIFT_COMPILATION_MODE = wholemodule;
				SWIFT_OPTIMIZATION_LEVEL = "-O";
				VALIDATE_PRODUCT = YES;
			};
			name = Release;
		};
		BCB8AD112813EF17002117AB /* Debug */ = {
			isa = XCBuildConfiguration;
			buildSettings = {
				ASSETCATALOG_COMPILER_APPICON_NAME = AppIcon;
				ASSETCATALOG_COMPILER_GLOBAL_ACCENT_COLOR_NAME = AccentColor;
				CODE_SIGN_STYLE = Automatic;
				CURRENT_PROJECT_VERSION = 1;
				DEVELOPMENT_TEAM = 85D2483FS7;
				GENERATE_INFOPLIST_FILE = YES;
				INFOPLIST_FILE = RickAndMortyAPI/Info.plist;
				INFOPLIST_KEY_UIApplicationSupportsIndirectInputEvents = YES;
				INFOPLIST_KEY_UILaunchStoryboardName = LaunchScreen;
				INFOPLIST_KEY_UIMainStoryboardFile = Main;
				INFOPLIST_KEY_UISupportedInterfaceOrientations_iPad = "UIInterfaceOrientationPortrait UIInterfaceOrientationPortraitUpsideDown UIInterfaceOrientationLandscapeLeft UIInterfaceOrientationLandscapeRight";
				INFOPLIST_KEY_UISupportedInterfaceOrientations_iPhone = "UIInterfaceOrientationPortrait UIInterfaceOrientationLandscapeLeft UIInterfaceOrientationLandscapeRight";
				IPHONEOS_DEPLOYMENT_TARGET = 15.4;
				LD_RUNPATH_SEARCH_PATHS = (
					"$(inherited)",
					"@executable_path/Frameworks",
				);
				MARKETING_VERSION = 1.0;
				PRODUCT_BUNDLE_IDENTIFIER = FREEGAMES.RickAndMortyAPI;
				PRODUCT_NAME = "$(TARGET_NAME)";
				SWIFT_EMIT_LOC_STRINGS = YES;
				SWIFT_VERSION = 5.0;
				TARGETED_DEVICE_FAMILY = 1;
			};
			name = Debug;
		};
		BCB8AD122813EF17002117AB /* Release */ = {
			isa = XCBuildConfiguration;
			buildSettings = {
				ASSETCATALOG_COMPILER_APPICON_NAME = AppIcon;
				ASSETCATALOG_COMPILER_GLOBAL_ACCENT_COLOR_NAME = AccentColor;
				CODE_SIGN_STYLE = Automatic;
				CURRENT_PROJECT_VERSION = 1;
				DEVELOPMENT_TEAM = 85D2483FS7;
				GENERATE_INFOPLIST_FILE = YES;
				INFOPLIST_FILE = RickAndMortyAPI/Info.plist;
				INFOPLIST_KEY_UIApplicationSupportsIndirectInputEvents = YES;
				INFOPLIST_KEY_UILaunchStoryboardName = LaunchScreen;
				INFOPLIST_KEY_UIMainStoryboardFile = Main;
				INFOPLIST_KEY_UISupportedInterfaceOrientations_iPad = "UIInterfaceOrientationPortrait UIInterfaceOrientationPortraitUpsideDown UIInterfaceOrientationLandscapeLeft UIInterfaceOrientationLandscapeRight";
				INFOPLIST_KEY_UISupportedInterfaceOrientations_iPhone = "UIInterfaceOrientationPortrait UIInterfaceOrientationLandscapeLeft UIInterfaceOrientationLandscapeRight";
				IPHONEOS_DEPLOYMENT_TARGET = 15.4;
				LD_RUNPATH_SEARCH_PATHS = (
					"$(inherited)",
					"@executable_path/Frameworks",
				);
				MARKETING_VERSION = 1.0;
				PRODUCT_BUNDLE_IDENTIFIER = FREEGAMES.RickAndMortyAPI;
				PRODUCT_NAME = "$(TARGET_NAME)";
				SWIFT_EMIT_LOC_STRINGS = YES;
				SWIFT_VERSION = 5.0;
				TARGETED_DEVICE_FAMILY = 1;
			};
			name = Release;
		};
/* End XCBuildConfiguration section */

/* Begin XCConfigurationList section */
		BCB8ACF72813EF16002117AB /* Build configuration list for PBXProject "RickAndMortyAPI" */ = {
			isa = XCConfigurationList;
			buildConfigurations = (
				BCB8AD0E2813EF17002117AB /* Debug */,
				BCB8AD0F2813EF17002117AB /* Release */,
			);
			defaultConfigurationIsVisible = 0;
			defaultConfigurationName = Release;
		};
		BCB8AD102813EF17002117AB /* Build configuration list for PBXNativeTarget "RickAndMortyAPI" */ = {
			isa = XCConfigurationList;
			buildConfigurations = (
				BCB8AD112813EF17002117AB /* Debug */,
				BCB8AD122813EF17002117AB /* Release */,
			);
			defaultConfigurationIsVisible = 0;
			defaultConfigurationName = Release;
		};
/* End XCConfigurationList section */
	};
	rootObject = BCB8ACF42813EF16002117AB /* Project object */;
}
